
Microsoft Visual Studio Solution File, Format Version 12.00
# Visual Studio Version 17
VisualStudioVersion = 17.14.37012.4 d17.14
MinimumVisualStudioVersion = 10.0.40219.1
Project("{FAE04EC0-301F-11D3-BF4B-00C04F79EFBC}") = "FoodOrderingSystem", "FoodOrderingSystem.csproj", "{2CF0533F-48B2-41EA-89B2-CC67B662FECB}"
EndProject
Global
	GlobalSection(SolutionConfigurationPlatforms) = preSolution
		Debug|Any CPU = Debug|Any CPU
		Release|Any CPU = Release|Any CPU
	EndGlobalSection
	GlobalSection(ProjectConfigurationPlatforms) = postSolution
		{2CF0533F-48B2-41EA-89B2-CC67B662FECB}.Debug|Any CPU.ActiveCfg = Debug|Any CPU
		{2CF0533F-48B2-41EA-89B2-CC67B662FECB}.Debug|Any CPU.Build.0 = Debug|Any CPU
		{2CF0533F-48B2-41EA-89B2-CC67B662FECB}.Release|Any CPU.ActiveCfg = Release|Any CPU
		{2CF0533F-48B2-41EA-89B2-CC67B662FECB}.Release|Any CPU.Build.0 = Release|Any CPU
	EndGlobalSection
	GlobalSection(SolutionProperties) = preSolution
		HideSolutionNode = FALSE
	EndGlobalSection
	GlobalSection(ExtensibilityGlobals) = postSolution
		SolutionGuid = {48DF31EA-F212-4536-AEC1-E234C3D8B952}
	EndGlobalSection
EndGlobal
